
Microsoft Visual Studio Solution File, Format Version 12.00
# Visual Studio Version 16
VisualStudioVersion = 16.0.31205.134
MinimumVisualStudioVersion = 10.0.40219.1
Project("{8BC9CEB8-8B4A-11D0-8D11-00A0C91BC942}") = "TP4", "TP4.vcxproj", "{8C3B644B-681A-425F-BA00-3AF58C6AD129}"
EndProject
Global
	GlobalSection(SolutionConfigurationPlatforms) = preSolution
		Debug|x64 = Debug|x64
		Debug|x86 = Debug|x86
		Release|x64 = Release|x64
		Release|x86 = Release|x86
	EndGlobalSection
	GlobalSection(ProjectConfigurationPlatforms) = postSolution
		{8C3B644B-681A-425F-BA00-3AF58C6AD129}.Debug|x64.ActiveCfg = Debug|x64
		{8C3B644B-681A-425F-BA00-3AF58C6AD129}.Debug|x64.Build.0 = Debug|x64
		{8C3B644B-681A-425F-BA00-3AF58C6AD129}.Debug|x86.ActiveCfg = Debug|Win32
		{8C3B644B-681A-425F-BA00-3AF58C6AD129}.Debug|x86.Build.0 = Debug|Win32
		{8C3B644B-681A-425F-BA00-3AF58C6AD129}.Release|x64.ActiveCfg = Release|x64
		{8C3B644B-681A-425F-BA00-3AF58C6AD129}.Release|x64.Build.0 = Release|x64
		{8C3B644B-681A-425F-BA00-3AF58C6AD129}.Release|x86.ActiveCfg = Release|Win32
		{8C3B644B-681A-425F-BA00-3AF58C6AD129}.Release|x86.Build.0 = Release|Win32
	EndGlobalSection
	GlobalSection(SolutionProperties) = preSolution
		HideSolutionNode = FALSE
	EndGlobalSection
	GlobalSection(ExtensibilityGlobals) = postSolution
		SolutionGuid = {B32D1DA3-3735-42CD-87BA-28DB5E12BB4A}
	EndGlobalSection
EndGlobal
